Microsoft Visual Studio Solution File, Format Version 10.00
# Visual Studio 2008

Project("{5BBA8A9F-18F5-078F-9BD6-FC07DB609FFF}") = "4x4", "4x4.csproj", "{CA468E4E-972B-E67F-9A05-6EAA6E61D33A}"
EndProject
Global
	GlobalSection(SolutionConfigurationPlatforms) = preSolution
		Debug|Any CPU = Debug|Any CPU
		Release|Any CPU = Release|Any CPU
	EndGlobalSection
	GlobalSection(ProjectConfigurationPlatforms) = postSolution
		{CA468E4E-972B-E67F-9A05-6EAA6E61D33A}.Debug|Any CPU.ActiveCfg = Debug|Any CPU
		{CA468E4E-972B-E67F-9A05-6EAA6E61D33A}.Debug|Any CPU.Build.0 = Debug|Any CPU
		{CA468E4E-972B-E67F-9A05-6EAA6E61D33A}.Release|Any CPU.ActiveCfg = Release|Any CPU
		{CA468E4E-972B-E67F-9A05-6EAA6E61D33A}.Release|Any CPU.Build.0 = Release|Any CPU
	EndGlobalSection
	GlobalSection(SolutionProperties) = preSolution
		HideSolutionNode = FALSE
	EndGlobalSection
	
EndGlobal
